{
  "name": "@typescript-package/currency",
  "version": "0.1.0",
  "lockfileVersion": 3,
  "requires": true,
  "packages": {
    "": {
      "name": "@typescript-package/currency",
      "version": "0.1.0",
      "funding": [
        {
          "type": "stripe",
          "url": "https://donate.stripe.com/dR614hfDZcJE3wAcMM"
        },
        {
          "type": "revolut",
          "url": "https://checkout.revolut.com/pay/048b10a3-0e10-42c8-a917-e3e9cb4c8e29"
        }
      ],
      "license": "MIT",
      "peerDependencies": {
        "@typedly/currency": "^0.1.0",
        "@typescript-package/range": "^1.0.0"
      }
    },
    "node_modules/@typedly/currency": {
      "version": "0.1.0",
      "resolved": "https://registry.npmjs.org/@typedly/currency/-/currency-0.1.0.tgz",
      "integrity": "sha512-IfeHx3ECS792eIK6UmXsGm1GSBZ0ZB6mbl2pom6hdPPi24sOtx/aITKPX17WglZ3zupFvh8viB50uhfAtm1/3g==",
      "funding": [
        {
          "type": "stripe",
          "url": "https://donate.stripe.com/dR614hfDZcJE3wAcMM"
        },
        {
          "type": "revolut",
          "url": "https://checkout.revolut.com/pay/048b10a3-0e10-42c8-a917-e3e9cb4c8e29"
        }
      ],
      "license": "MIT",
      "peer": true,
      "dependencies": {
        "tslib": "^2.3.0"
      }
    },
    "node_modules/@typescript-package/range": {
      "version": "1.0.0",
      "resolved": "https://registry.npmjs.org/@typescript-package/range/-/range-1.0.0.tgz",
      "integrity": "sha512-Ae2HxPJ8X0LKvtjyVeGVnLb6IWTS3MEsa3LQorCZr2vyWMEwySspImzdCSZIVv1UnhlPTZVKrJUq+tEpEBeAZg==",
      "funding": [
        {
          "type": "stripe",
          "url": "https://donate.stripe.com/dR614hfDZcJE3wAcMM"
        },
        {
          "type": "revolut",
          "url": "https://checkout.revolut.com/pay/048b10a3-0e10-42c8-a917-e3e9cb4c8e29"
        }
      ],
      "license": "MIT",
      "peer": true
    },
    "node_modules/tslib": {
      "version": "2.8.1",
      "resolved": "https://registry.npmjs.org/tslib/-/tslib-2.8.1.tgz",
      "integrity": "sha512-oJFu94HQb+KVduSUQL7wnpmqnfmLsOA/nAh6b6EH0wCEoK0/mPeXU6c3wKDV83MkOuHPRHtSXKKU99IBazS/2w==",
      "license": "0BSD",
      "peer": true
    }
  }
}
